
Microsoft Visual Studio Solution File, Format Version 12.00
# Visual Studio 15
VisualStudioVersion = 15.0.27130.2010
MinimumVisualStudioVersion = 10.0.40219.1
Project("{FAE04EC0-301F-11D3-BF4B-00C04F79EFBC}") = "Atividade08-03-2019", "Atividade08-03-2019\Atividade08-03-2019.csproj", "{FE49F037-44E5-42FA-A7FD-D0FBDBC807BA}"
EndProject
Global
	GlobalSection(SolutionConfigurationPlatforms) = preSolution
		Debug|Any CPU = Debug|Any CPU
		Release|Any CPU = Release|Any CPU
	EndGlobalSection
	GlobalSection(ProjectConfigurationPlatforms) = postSolution
		{FE49F037-44E5-42FA-A7FD-D0FBDBC807BA}.Debug|Any CPU.ActiveCfg = Debug|Any CPU
		{FE49F037-44E5-42FA-A7FD-D0FBDBC807BA}.Debug|Any CPU.Build.0 = Debug|Any CPU
		{FE49F037-44E5-42FA-A7FD-D0FBDBC807BA}.Release|Any CPU.ActiveCfg = Release|Any CPU
		{FE49F037-44E5-42FA-A7FD-D0FBDBC807BA}.Release|Any CPU.Build.0 = Release|Any CPU
	EndGlobalSection
	GlobalSection(SolutionProperties) = preSolution
		HideSolutionNode = FALSE
	EndGlobalSection
	GlobalSection(ExtensibilityGlobals) = postSolution
		SolutionGuid = {DF8EBABE-8DF0-49CE-A59B-FB506D1893B3}
	EndGlobalSection
EndGlobal
