
Microsoft Visual Studio Solution File, Format Version 12.00
# Visual Studio 15
VisualStudioVersion = 15.0.28307.438
MinimumVisualStudioVersion = 10.0.40219.1
Project("{FAE04EC0-301F-11D3-BF4B-00C04F79EFBC}") = "Atividade-14-03-2019", "Atividade-14-03-2019\Atividade-14-03-2019.csproj", "{5321F064-4679-4676-B33C-60830343B134}"
EndProject
Global
	GlobalSection(SolutionConfigurationPlatforms) = preSolution
		Debug|Any CPU = Debug|Any CPU
		Release|Any CPU = Release|Any CPU
	EndGlobalSection
	GlobalSection(ProjectConfigurationPlatforms) = postSolution
		{5321F064-4679-4676-B33C-60830343B134}.Debug|Any CPU.ActiveCfg = Debug|Any CPU
		{5321F064-4679-4676-B33C-60830343B134}.Debug|Any CPU.Build.0 = Debug|Any CPU
		{5321F064-4679-4676-B33C-60830343B134}.Release|Any CPU.ActiveCfg = Release|Any CPU
		{5321F064-4679-4676-B33C-60830343B134}.Release|Any CPU.Build.0 = Release|Any CPU
	EndGlobalSection
	GlobalSection(SolutionProperties) = preSolution
		HideSolutionNode = FALSE
	EndGlobalSection
	GlobalSection(ExtensibilityGlobals) = postSolution
		SolutionGuid = {C5F8FE93-6E2D-4560-B5D4-5BDCD8F34EE6}
	EndGlobalSection
EndGlobal
