
Microsoft Visual Studio Solution File, Format Version 12.00
# Visual Studio 15
VisualStudioVersion = 15.0.27130.2010
MinimumVisualStudioVersion = 10.0.40219.1
Project("{FAE04EC0-301F-11D3-BF4B-00C04F79EFBC}") = "EventoSalvador", "EventoSalvador\EventoSalvador.csproj", "{C823CB9B-2669-4EAA-BC2B-EDCC08B8A16E}"
EndProject
Global
	GlobalSection(SolutionConfigurationPlatforms) = preSolution
		Debug|Any CPU = Debug|Any CPU
		Release|Any CPU = Release|Any CPU
	EndGlobalSection
	GlobalSection(ProjectConfigurationPlatforms) = postSolution
		{C823CB9B-2669-4EAA-BC2B-EDCC08B8A16E}.Debug|Any CPU.ActiveCfg = Debug|Any CPU
		{C823CB9B-2669-4EAA-BC2B-EDCC08B8A16E}.Debug|Any CPU.Build.0 = Debug|Any CPU
		{C823CB9B-2669-4EAA-BC2B-EDCC08B8A16E}.Release|Any CPU.ActiveCfg = Release|Any CPU
		{C823CB9B-2669-4EAA-BC2B-EDCC08B8A16E}.Release|Any CPU.Build.0 = Release|Any CPU
	EndGlobalSection
	GlobalSection(SolutionProperties) = preSolution
		HideSolutionNode = FALSE
	EndGlobalSection
	GlobalSection(ExtensibilityGlobals) = postSolution
		SolutionGuid = {DF38A9D0-B06E-4E32-80DC-FA6E58E67EAD}
	EndGlobalSection
EndGlobal
